<Solution>
  <Folder Name="/Aspire/">
    <Project Path="src/Ume.LlmGateway.AppHost/Ume.LlmGateway.AppHost.csproj" />
    <Project Path="src/Ume.LlmGateway.ServiceDefaults/Ume.LlmGateway.ServiceDefaults.csproj" />
  </Folder>
  <Folder Name="/src/">
    <Project Path="src/Ume.LlmGateway.AdminApi/Ume.LlmGateway.AdminApi.csproj" />
    <Project Path="src/Ume.LlmGateway.Domain/Ume.LlmGateway.Domain.csproj" />
    <Project Path="src/Ume.LlmGateway.FakeLlm/Ume.LlmGateway.FakeLlm.csproj" />
    <Project Path="src/Ume.LlmGateway.Gateway/Ume.LlmGateway.Gateway.csproj" />
    <Project Path="src/Ume.LlmGateway.Infrastructure/Ume.LlmGateway.Infrastructure.csproj" />
    <Project Path="src/Ume.LlmGateway.MigrationService/Ume.LlmGateway.MigrationService.csproj" />
  </Folder>
  <Folder Name="/tests/">
    <Project Path="tests/Ume.LlmGateway.AdminApi.Tests/Ume.LlmGateway.AdminApi.Tests.csproj" />
    <Project Path="tests/Ume.LlmGateway.Domain.Tests/Ume.LlmGateway.Domain.Tests.csproj" />
    <Project Path="tests/Ume.LlmGateway.Gateway.Tests/Ume.LlmGateway.Gateway.Tests.csproj" />
    <Project Path="tests/Ume.LlmGateway.IntegrationTests/Ume.LlmGateway.IntegrationTests.csproj" />
  </Folder>
</Solution>
